// !$*UTF8*$!
{
	archiveVersion = 1;
	classes = {
	};
	objectVersion = 56;
	objects = {

/* Begin PBXBuildFile section */
		1F05BD952A9EC2F5008F6594 /* TasksView.swift in Sources */ = {isa = PBXBuildFile; fileRef = 1F05BD942A9EC2F5008F6594 /* TasksView.swift */; };
		1F05BD972A9EC303008F6594 /* TasksViewModel.swift in Sources */ = {isa = PBXBuildFile; fileRef = 1F05BD962A9EC303008F6594 /* TasksViewModel.swift */; };
		1F05BD9A2A9F086B008F6594 /* AsyncLetView.swift in Sources */ = {isa = PBXBuildFile; fileRef = 1F05BD992A9F086B008F6594 /* AsyncLetView.swift */; };
		1F05BD9C2A9F0875008F6594 /* AsyncLetViewModel.swift in Sources */ = {isa = PBXBuildFile; fileRef = 1F05BD9B2A9F0875008F6594 /* AsyncLetViewModel.swift */; };
		1F05BD9F2A9F1D1B008F6594 /* TaskGroupViewModel.swift in Sources */ = {isa = PBXBuildFile; fileRef = 1F05BD9E2A9F1D1B008F6594 /* TaskGroupViewModel.swift */; };
		1F05BDA12A9F1D2F008F6594 /* TaskGroupDataManager.swift in Sources */ = {isa = PBXBuildFile; fileRef = 1F05BDA02A9F1D2F008F6594 /* TaskGroupDataManager.swift */; };
		1F05BDA32A9F1D40008F6594 /* TaskGroupView.swift in Sources */ = {isa = PBXBuildFile; fileRef = 1F05BDA22A9F1D40008F6594 /* TaskGroupView.swift */; };
		1FC7D5F02A9B76AF00D52721 /* SwiftConcurrencyApp.swift in Sources */ = {isa = PBXBuildFile; fileRef = 1FC7D5EF2A9B76AF00D52721 /* SwiftConcurrencyApp.swift */; };
		1FC7D5F42A9B76AF00D52721 /* Assets.xcassets in Resources */ = {isa = PBXBuildFile; fileRef = 1FC7D5F32A9B76AF00D52721 /* Assets.xcassets */; };
		1FC7D5F72A9B76AF00D52721 /* Preview Assets.xcassets in Resources */ = {isa = PBXBuildFile; fileRef = 1FC7D5F62A9B76AF00D52721 /* Preview Assets.xcassets */; };
		1FC7D5FF2A9B7C8500D52721 /* DoCatchTryThrowView.swift in Sources */ = {isa = PBXBuildFile; fileRef = 1FC7D5FE2A9B7C8500D52721 /* DoCatchTryThrowView.swift */; };
		1FC7D6032A9B7CC200D52721 /* DoCatchTryThrowViewModel.swift in Sources */ = {isa = PBXBuildFile; fileRef = 1FC7D6022A9B7CC200D52721 /* DoCatchTryThrowViewModel.swift */; };
		1FC7D6052A9B7E7700D52721 /* DoCatchTryThrowDataManager.swift in Sources */ = {isa = PBXBuildFile; fileRef = 1FC7D6042A9B7E7700D52721 /* DoCatchTryThrowDataManager.swift */; };
		1FEA23062A9D00BE004C4717 /*  DownloadImageAsyncView.swift in Sources */ = {isa = PBXBuildFile; fileRef = 1FEA23052A9D00BE004C4717 /*  DownloadImageAsyncView.swift */; };
		1FEA23082A9D00C6004C4717 /*  DownloadImageAsyncViewModel.swift in Sources */ = {isa = PBXBuildFile; fileRef = 1FEA23072A9D00C6004C4717 /*  DownloadImageAsyncViewModel.swift */; };
		1FEA230A2A9D00D0004C4717 /*  DownloadImageAsyncServices.swift in Sources */ = {isa = PBXBuildFile; fileRef = 1FEA23092A9D00D0004C4717 /*  DownloadImageAsyncServices.swift */; };
		1FEA230D2A9D1D2F004C4717 /* AsyncAwaitView.swift in Sources */ = {isa = PBXBuildFile; fileRef = 1FEA230C2A9D1D2F004C4717 /* AsyncAwaitView.swift */; };
		1FEA230F2A9D1D38004C4717 /* AsyncAwaitViewModel.swift in Sources */ = {isa = PBXBuildFile; fileRef = 1FEA230E2A9D1D38004C4717 /* AsyncAwaitViewModel.swift */; };
/* End PBXBuildFile section */

/* Begin PBXFileReference section */
		1F05BD942A9EC2F5008F6594 /* TasksView.swift */ = {isa = PBXFileReference; lastKnownFileType = sourcecode.swift; path = TasksView.swift; sourceTree = "<group>"; };
		1F05BD962A9EC303008F6594 /* TasksViewModel.swift */ = {isa = PBXFileReference; lastKnownFileType = sourcecode.swift; path = TasksViewModel.swift; sourceTree = "<group>"; };
		1F05BD992A9F086B008F6594 /* AsyncLetView.swift */ = {isa = PBXFileReference; lastKnownFileType = sourcecode.swift; path = AsyncLetView.swift; sourceTree = "<group>"; };
		1F05BD9B2A9F0875008F6594 /* AsyncLetViewModel.swift */ = {isa = PBXFileReference; lastKnownFileType = sourcecode.swift; path = AsyncLetViewModel.swift; sourceTree = "<group>"; };
		1F05BD9E2A9F1D1B008F6594 /* TaskGroupViewModel.swift */ = {isa = PBXFileReference; lastKnownFileType = sourcecode.swift; path = TaskGroupViewModel.swift; sourceTree = "<group>"; };
		1F05BDA02A9F1D2F008F6594 /* TaskGroupDataManager.swift */ = {isa = PBXFileReference; lastKnownFileType = sourcecode.swift; path = TaskGroupDataManager.swift; sourceTree = "<group>"; };
		1F05BDA22A9F1D40008F6594 /* TaskGroupView.swift */ = {isa = PBXFileReference; lastKnownFileType = sourcecode.swift; path = TaskGroupView.swift; sourceTree = "<group>"; };
		1FC7D5EC2A9B76AF00D52721 /* SwiftConcurrency.app */ = {isa = PBXFileReference; explicitFileType = wrapper.application; includeInIndex = 0; path = SwiftConcurrency.app; sourceTree = BUILT_PRODUCTS_DIR; };
		1FC7D5EF2A9B76AF00D52721 /* SwiftConcurrencyApp.swift */ = {isa = PBXFileReference; lastKnownFileType = sourcecode.swift; path = SwiftConcurrencyApp.swift; sourceTree = "<group>"; };
		1FC7D5F32A9B76AF00D52721 /* Assets.xcassets */ = {isa = PBXFileReference; lastKnownFileType = folder.assetcatalog; path = Assets.xcassets; sourceTree = "<group>"; };
		1FC7D5F62A9B76AF00D52721 /* Preview Assets.xcassets */ = {isa = PBXFileReference; lastKnownFileType = folder.assetcatalog; path = "Preview Assets.xcassets"; sourceTree = "<group>"; };
		1FC7D5FE2A9B7C8500D52721 /* DoCatchTryThrowView.swift */ = {isa = PBXFileReference; lastKnownFileType = sourcecode.swift; path = DoCatchTryThrowView.swift; sourceTree = "<group>"; };
		1FC7D6022A9B7CC200D52721 /* DoCatchTryThrowViewModel.swift */ = {isa = PBXFileReference; lastKnownFileType = sourcecode.swift; path = DoCatchTryThrowViewModel.swift; sourceTree = "<group>"; };
		1FC7D6042A9B7E7700D52721 /* DoCatchTryThrowDataManager.swift */ = {isa = PBXFileReference; lastKnownFileType = sourcecode.swift; path = DoCatchTryThrowDataManager.swift; sourceTree = "<group>"; };
		1FEA23052A9D00BE004C4717 /*  DownloadImageAsyncView.swift */ = {isa = PBXFileReference; lastKnownFileType = sourcecode.swift; path = " DownloadImageAsyncView.swift"; sourceTree = "<group>"; };
		1FEA23072A9D00C6004C4717 /*  DownloadImageAsyncViewModel.swift */ = {isa = PBXFileReference; lastKnownFileType = sourcecode.swift; path = " DownloadImageAsyncViewModel.swift"; sourceTree = "<group>"; };
		1FEA23092A9D00D0004C4717 /*  DownloadImageAsyncServices.swift */ = {isa = PBXFileReference; lastKnownFileType = sourcecode.swift; path = " DownloadImageAsyncServices.swift"; sourceTree = "<group>"; };
		1FEA230C2A9D1D2F004C4717 /* AsyncAwaitView.swift */ = {isa = PBXFileReference; lastKnownFileType = sourcecode.swift; path = AsyncAwaitView.swift; sourceTree = "<group>"; };
		1FEA230E2A9D1D38004C4717 /* AsyncAwaitViewModel.swift */ = {isa = PBXFileReference; lastKnownFileType = sourcecode.swift; path = AsyncAwaitViewModel.swift; sourceTree = "<group>"; };
/* End PBXFileReference section */

/* Begin PBXFrameworksBuildPhase section */
		1FC7D5E92A9B76AF00D52721 /* Frameworks */ = {
			isa = PBXFrameworksBuildPhase;
			buildActionMask = 2147483647;
			files = (
			);
			runOnlyForDeploymentPostprocessing = 0;
		};
/* End PBXFrameworksBuildPhase section */

/* Begin PBXGroup section */
		1F05BD932A9EC2D8008F6594 /* Tasks */ = {
			isa = PBXGroup;
			children = (
				1F05BD942A9EC2F5008F6594 /* TasksView.swift */,
				1F05BD962A9EC303008F6594 /* TasksViewModel.swift */,
			);
			path = Tasks;
			sourceTree = "<group>";
		};
		1F05BD982A9F0851008F6594 /* AsyncLet */ = {
			isa = PBXGroup;
			children = (
				1F05BD992A9F086B008F6594 /* AsyncLetView.swift */,
				1F05BD9B2A9F0875008F6594 /* AsyncLetViewModel.swift */,
			);
			path = AsyncLet;
			sourceTree = "<group>";
		};
		1F05BD9D2A9F1D0C008F6594 /* TaskGroup */ = {
			isa = PBXGroup;
			children = (
				1F05BD9E2A9F1D1B008F6594 /* TaskGroupViewModel.swift */,
				1F05BDA02A9F1D2F008F6594 /* TaskGroupDataManager.swift */,
				1F05BDA22A9F1D40008F6594 /* TaskGroupView.swift */,
			);
			path = TaskGroup;
			sourceTree = "<group>";
		};
		1FC7D5E32A9B76AF00D52721 = {
			isa = PBXGroup;
			children = (
				1FC7D5EE2A9B76AF00D52721 /* SwiftConcurrency */,
				1FC7D5ED2A9B76AF00D52721 /* Products */,
			);
			sourceTree = "<group>";
		};
		1FC7D5ED2A9B76AF00D52721 /* Products */ = {
			isa = PBXGroup;
			children = (
				1FC7D5EC2A9B76AF00D52721 /* SwiftConcurrency.app */,
			);
			name = Products;
			sourceTree = "<group>";
		};
		1FC7D5EE2A9B76AF00D52721 /* SwiftConcurrency */ = {
			isa = PBXGroup;
			children = (
				1FC7D5EF2A9B76AF00D52721 /* SwiftConcurrencyApp.swift */,
				1FC7D6012A9B7CA300D52721 /* Features */,
				1FC7D6002A9B7C9000D52721 /* Resources */,
				1FC7D5F52A9B76AF00D52721 /* Preview Content */,
			);
			path = SwiftConcurrency;
			sourceTree = "<group>";
		};
		1FC7D5F52A9B76AF00D52721 /* Preview Content */ = {
			isa = PBXGroup;
			children = (
				1FC7D5F62A9B76AF00D52721 /* Preview Assets.xcassets */,
			);
			path = "Preview Content";
			sourceTree = "<group>";
		};
		1FC7D5FD2A9B7C6600D52721 /* DoCatchTryThrow */ = {
			isa = PBXGroup;
			children = (
				1FC7D5FE2A9B7C8500D52721 /* DoCatchTryThrowView.swift */,
				1FC7D6022A9B7CC200D52721 /* DoCatchTryThrowViewModel.swift */,
				1FC7D6042A9B7E7700D52721 /* DoCatchTryThrowDataManager.swift */,
			);
			path = DoCatchTryThrow;
			sourceTree = "<group>";
		};
		1FC7D6002A9B7C9000D52721 /* Resources */ = {
			isa = PBXGroup;
			children = (
				1FC7D5F32A9B76AF00D52721 /* Assets.xcassets */,
			);
			path = Resources;
			sourceTree = "<group>";
		};
		1FC7D6012A9B7CA300D52721 /* Features */ = {
			isa = PBXGroup;
			children = (
				1F05BD9D2A9F1D0C008F6594 /* TaskGroup */,
				1F05BD982A9F0851008F6594 /* AsyncLet */,
				1F05BD932A9EC2D8008F6594 /* Tasks */,
				1FEA230B2A9D1D27004C4717 /* AsyncAwait */,
				1FEA23042A9D00B4004C4717 /*  DownloadImageAsync */,
				1FC7D5FD2A9B7C6600D52721 /* DoCatchTryThrow */,
			);
			path = Features;
			sourceTree = "<group>";
		};
		1FEA23042A9D00B4004C4717 /*  DownloadImageAsync */ = {
			isa = PBXGroup;
			children = (
				1FEA23052A9D00BE004C4717 /*  DownloadImageAsyncView.swift */,
				1FEA23072A9D00C6004C4717 /*  DownloadImageAsyncViewModel.swift */,
				1FEA23092A9D00D0004C4717 /*  DownloadImageAsyncServices.swift */,
			);
			path = " DownloadImageAsync";
			sourceTree = "<group>";
		};
		1FEA230B2A9D1D27004C4717 /* AsyncAwait */ = {
			isa = PBXGroup;
			children = (
				1FEA230C2A9D1D2F004C4717 /* AsyncAwaitView.swift */,
				1FEA230E2A9D1D38004C4717 /* AsyncAwaitViewModel.swift */,
			);
			path = AsyncAwait;
			sourceTree = "<group>";
		};
/* End PBXGroup section */

/* Begin PBXNativeTarget section */
		1FC7D5EB2A9B76AF00D52721 /* SwiftConcurrency */ = {
			isa = PBXNativeTarget;
			buildConfigurationList = 1FC7D5FA2A9B76AF00D52721 /* Build configuration list for PBXNativeTarget "SwiftConcurrency" */;
			buildPhases = (
				1FC7D5E82A9B76AF00D52721 /* Sources */,
				1FC7D5E92A9B76AF00D52721 /* Frameworks */,
				1FC7D5EA2A9B76AF00D52721 /* Resources */,
			);
			buildRules = (
			);
			dependencies = (
			);
			name = SwiftConcurrency;
			productName = SwiftConcurrency;
			productReference = 1FC7D5EC2A9B76AF00D52721 /* SwiftConcurrency.app */;
			productType = "com.apple.product-type.application";
		};
/* End PBXNativeTarget section */

/* Begin PBXProject section */
		1FC7D5E42A9B76AF00D52721 /* Project object */ = {
			isa = PBXProject;
			attributes = {
				BuildIndependentTargetsInParallel = 1;
				LastSwiftUpdateCheck = 1420;
				LastUpgradeCheck = 1420;
				TargetAttributes = {
					1FC7D5EB2A9B76AF00D52721 = {
						CreatedOnToolsVersion = 14.2;
					};
				};
			};
			buildConfigurationList = 1FC7D5E72A9B76AF00D52721 /* Build configuration list for PBXProject "SwiftConcurrency" */;
			compatibilityVersion = "Xcode 14.0";
			developmentRegion = en;
			hasScannedForEncodings = 0;
			knownRegions = (
				en,
				Base,
			);
			mainGroup = 1FC7D5E32A9B76AF00D52721;
			productRefGroup = 1FC7D5ED2A9B76AF00D52721 /* Products */;
			projectDirPath = "";
			projectRoot = "";
			targets = (
				1FC7D5EB2A9B76AF00D52721 /* SwiftConcurrency */,
			);
		};
/* End PBXProject section */

/* Begin PBXResourcesBuildPhase section */
		1FC7D5EA2A9B76AF00D52721 /* Resources */ = {
			isa = PBXResourcesBuildPhase;
			buildActionMask = 2147483647;
			files = (
				1FC7D5F72A9B76AF00D52721 /* Preview Assets.xcassets in Resources */,
				1FC7D5F42A9B76AF00D52721 /* Assets.xcassets in Resources */,
			);
			runOnlyForDeploymentPostprocessing = 0;
		};
/* End PBXResourcesBuildPhase section */

/* Begin PBXSourcesBuildPhase section */
		1FC7D5E82A9B76AF00D52721 /* Sources */ = {
			isa = PBXSourcesBuildPhase;
			buildActionMask = 2147483647;
			files = (
				1FEA23082A9D00C6004C4717 /*  DownloadImageAsyncViewModel.swift in Sources */,
				1FC7D5FF2A9B7C8500D52721 /* DoCatchTryThrowView.swift in Sources */,
				1FC7D6032A9B7CC200D52721 /* DoCatchTryThrowViewModel.swift in Sources */,
				1FC7D6052A9B7E7700D52721 /* DoCatchTryThrowDataManager.swift in Sources */,
				1F05BD9C2A9F0875008F6594 /* AsyncLetViewModel.swift in Sources */,
				1F05BD9F2A9F1D1B008F6594 /* TaskGroupViewModel.swift in Sources */,
				1FEA23062A9D00BE004C4717 /*  DownloadImageAsyncView.swift in Sources */,
				1F05BDA12A9F1D2F008F6594 /* TaskGroupDataManager.swift in Sources */,
				1FEA230F2A9D1D38004C4717 /* AsyncAwaitViewModel.swift in Sources */,
				1F05BDA32A9F1D40008F6594 /* TaskGroupView.swift in Sources */,
				1FC7D5F02A9B76AF00D52721 /* SwiftConcurrencyApp.swift in Sources */,
				1F05BD9A2A9F086B008F6594 /* AsyncLetView.swift in Sources */,
				1FEA230D2A9D1D2F004C4717 /* AsyncAwaitView.swift in Sources */,
				1FEA230A2A9D00D0004C4717 /*  DownloadImageAsyncServices.swift in Sources */,
				1F05BD952A9EC2F5008F6594 /* TasksView.swift in Sources */,
				1F05BD972A9EC303008F6594 /* TasksViewModel.swift in Sources */,
			);
			runOnlyForDeploymentPostprocessing = 0;
		};
/* End PBXSourcesBuildPhase section */

/* Begin XCBuildConfiguration section */
		1FC7D5F82A9B76AF00D52721 /* Debug */ = {
			isa = XCBuildConfiguration;
			buildSettings = {
				ALWAYS_SEARCH_USER_PATHS = NO;
				CLANG_ANALYZER_NONNULL = YES;
				CLANG_ANALYZER_NUMBER_OBJECT_CONVERSION = YES_AGGRESSIVE;
				CLANG_CXX_LANGUAGE_STANDARD = "gnu++20";
				CLANG_ENABLE_MODULES = YES;
				CLANG_ENABLE_OBJC_ARC = YES;
				CLANG_ENABLE_OBJC_WEAK = YES;
				CLANG_WARN_BLOCK_CAPTURE_AUTORELEASING = YES;
				CLANG_WARN_BOOL_CONVERSION = YES;
				CLANG_WARN_COMMA = YES;
				CLANG_WARN_CONSTANT_CONVERSION = YES;
				CLANG_WARN_DEPRECATED_OBJC_IMPLEMENTATIONS = YES;
				CLANG_WARN_DIRECT_OBJC_ISA_USAGE = YES_ERROR;
				CLANG_WARN_DOCUMENTATION_COMMENTS = YES;
				CLANG_WARN_EMPTY_BODY = YES;
				CLANG_WARN_ENUM_CONVERSION = YES;
				CLANG_WARN_INFINITE_RECURSION = YES;
				CLANG_WARN_INT_CONVERSION = YES;
				CLANG_WARN_NON_LITERAL_NULL_CONVERSION = YES;
				CLANG_WARN_OBJC_IMPLICIT_RETAIN_SELF = YES;
				CLANG_WARN_OBJC_LITERAL_CONVERSION = YES;
				CLANG_WARN_OBJC_ROOT_CLASS = YES_ERROR;
				CLANG_WARN_QUOTED_INCLUDE_IN_FRAMEWORK_HEADER = YES;
				CLANG_WARN_RANGE_LOOP_ANALYSIS = YES;
				CLANG_WARN_STRICT_PROTOTYPES = YES;
				CLANG_WARN_SUSPICIOUS_MOVE = YES;
				CLANG_WARN_UNGUARDED_AVAILABILITY = YES_AGGRESSIVE;
				CLANG_WARN_UNREACHABLE_CODE = YES;
				CLANG_WARN__DUPLICATE_METHOD_MATCH = YES;
				COPY_PHASE_STRIP = NO;
				DEBUG_INFORMATION_FORMAT = dwarf;
				ENABLE_STRICT_OBJC_MSGSEND = YES;
				ENABLE_TESTABILITY = YES;
				GCC_C_LANGUAGE_STANDARD = gnu11;
				GCC_DYNAMIC_NO_PIC = NO;
				GCC_NO_COMMON_BLOCKS = YES;
				GCC_OPTIMIZATION_LEVEL = 0;
				GCC_PREPROCESSOR_DEFINITIONS = (
					"DEBUG=1",
					"$(inherited)",
				);
				GCC_WARN_64_TO_32_BIT_CONVERSION = YES;
				GCC_WARN_ABOUT_RETURN_TYPE = YES_ERROR;
				GCC_WARN_UNDECLARED_SELECTOR = YES;
				GCC_WARN_UNINITIALIZED_AUTOS = YES_AGGRESSIVE;
				GCC_WARN_UNUSED_FUNCTION = YES;
				GCC_WARN_UNUSED_VARIABLE = YES;
				IPHONEOS_DEPLOYMENT_TARGET = 16.2;
				MTL_ENABLE_DEBUG_INFO = INCLUDE_SOURCE;
				MTL_FAST_MATH = YES;
				ONLY_ACTIVE_ARCH = YES;
				SDKROOT = iphoneos;
				SWIFT_ACTIVE_COMPILATION_CONDITIONS = DEBUG;
				SWIFT_OPTIMIZATION_LEVEL = "-Onone";
			};
			name = Debug;
		};
		1FC7D5F92A9B76AF00D52721 /* Release */ = {
			isa = XCBuildConfiguration;
			buildSettings = {
				ALWAYS_SEARCH_USER_PATHS = NO;
				CLANG_ANALYZER_NONNULL = YES;
				CLANG_ANALYZER_NUMBER_OBJECT_CONVERSION = YES_AGGRESSIVE;
				CLANG_CXX_LANGUAGE_STANDARD = "gnu++20";
				CLANG_ENABLE_MODULES = YES;
				CLANG_ENABLE_OBJC_ARC = YES;
				CLANG_ENABLE_OBJC_WEAK = YES;
				CLANG_WARN_BLOCK_CAPTURE_AUTORELEASING = YES;
				CLANG_WARN_BOOL_CONVERSION = YES;
				CLANG_WARN_COMMA = YES;
				CLANG_WARN_CONSTANT_CONVERSION = YES;
				CLANG_WARN_DEPRECATED_OBJC_IMPLEMENTATIONS = YES;
				CLANG_WARN_DIRECT_OBJC_ISA_USAGE = YES_ERROR;
				CLANG_WARN_DOCUMENTATION_COMMENTS = YES;
				CLANG_WARN_EMPTY_BODY = YES;
				CLANG_WARN_ENUM_CONVERSION = YES;
				CLANG_WARN_INFINITE_RECURSION = YES;
				CLANG_WARN_INT_CONVERSION = YES;
				CLANG_WARN_NON_LITERAL_NULL_CONVERSION = YES;
				CLANG_WARN_OBJC_IMPLICIT_RETAIN_SELF = YES;
				CLANG_WARN_OBJC_LITERAL_CONVERSION = YES;
				CLANG_WARN_OBJC_ROOT_CLASS = YES_ERROR;
				CLANG_WARN_QUOTED_INCLUDE_IN_FRAMEWORK_HEADER = YES;
				CLANG_WARN_RANGE_LOOP_ANALYSIS = YES;
				CLANG_WARN_STRICT_PROTOTYPES = YES;
				CLANG_WARN_SUSPICIOUS_MOVE = YES;
				CLANG_WARN_UNGUARDED_AVAILABILITY = YES_AGGRESSIVE;
				CLANG_WARN_UNREACHABLE_CODE = YES;
				CLANG_WARN__DUPLICATE_METHOD_MATCH = YES;
				COPY_PHASE_STRIP = NO;
				DEBUG_INFORMATION_FORMAT = "dwarf-with-dsym";
				ENABLE_NS_ASSERTIONS = NO;
				ENABLE_STRICT_OBJC_MSGSEND = YES;
				GCC_C_LANGUAGE_STANDARD = gnu11;
				GCC_NO_COMMON_BLOCKS = YES;
				GCC_WARN_64_TO_32_BIT_CONVERSION = YES;
				GCC_WARN_ABOUT_RETURN_TYPE = YES_ERROR;
				GCC_WARN_UNDECLARED_SELECTOR = YES;
				GCC_WARN_UNINITIALIZED_AUTOS = YES_AGGRESSIVE;
				GCC_WARN_UNUSED_FUNCTION = YES;
				GCC_WARN_UNUSED_VARIABLE = YES;
				IPHONEOS_DEPLOYMENT_TARGET = 16.2;
				MTL_ENABLE_DEBUG_INFO = NO;
				MTL_FAST_MATH = YES;
				SDKROOT = iphoneos;
				SWIFT_COMPILATION_MODE = wholemodule;
				SWIFT_OPTIMIZATION_LEVEL = "-O";
				VALIDATE_PRODUCT = YES;
			};
			name = Release;
		};
		1FC7D5FB2A9B76AF00D52721 /* Debug */ = {
			isa = XCBuildConfiguration;
			buildSettings = {
				ASSETCATALOG_COMPILER_APPICON_NAME = AppIcon;
				ASSETCATALOG_COMPILER_GLOBAL_ACCENT_COLOR_NAME = AccentColor;
				CODE_SIGN_STYLE = Automatic;
				CURRENT_PROJECT_VERSION = 1;
				DEVELOPMENT_ASSET_PATHS = "\"SwiftConcurrency/Preview Content\"";
				ENABLE_PREVIEWS = YES;
				GENERATE_INFOPLIST_FILE = YES;
				INFOPLIST_KEY_UIApplicationSceneManifest_Generation = YES;
				INFOPLIST_KEY_UIApplicationSupportsIndirectInputEvents = YES;
				INFOPLIST_KEY_UILaunchScreen_Generation = YES;
				INFOPLIST_KEY_UISupportedInterfaceOrientations_iPad = "UIInterfaceOrientationPortrait UIInterfaceOrientationPortraitUpsideDown UIInterfaceOrientationLandscapeLeft UIInterfaceOrientationLandscapeRight";
				INFOPLIST_KEY_UISupportedInterfaceOrientations_iPhone = "UIInterfaceOrientationPortrait UIInterfaceOrientationLandscapeLeft UIInterfaceOrientationLandscapeRight";
				LD_RUNPATH_SEARCH_PATHS = (
					"$(inherited)",
					"@executable_path/Frameworks",
				);
				MARKETING_VERSION = 1.0;
				PRODUCT_BUNDLE_IDENTIFIER = ganeshrajugalla.SwiftConcurrency;
				PRODUCT_NAME = "$(TARGET_NAME)";
				SWIFT_EMIT_LOC_STRINGS = YES;
				SWIFT_VERSION = 5.0;
				TARGETED_DEVICE_FAMILY = "1,2";
			};
			name = Debug;
		};
		1FC7D5FC2A9B76AF00D52721 /* Release */ = {
			isa = XCBuildConfiguration;
			buildSettings = {
				ASSETCATALOG_COMPILER_APPICON_NAME = AppIcon;
				ASSETCATALOG_COMPILER_GLOBAL_ACCENT_COLOR_NAME = AccentColor;
				CODE_SIGN_STYLE = Automatic;
				CURRENT_PROJECT_VERSION = 1;
				DEVELOPMENT_ASSET_PATHS = "\"SwiftConcurrency/Preview Content\"";
				ENABLE_PREVIEWS = YES;
				GENERATE_INFOPLIST_FILE = YES;
				INFOPLIST_KEY_UIApplicationSceneManifest_Generation = YES;
				INFOPLIST_KEY_UIApplicationSupportsIndirectInputEvents = YES;
				INFOPLIST_KEY_UILaunchScreen_Generation = YES;
				INFOPLIST_KEY_UISupportedInterfaceOrientations_iPad = "UIInterfaceOrientationPortrait UIInterfaceOrientationPortraitUpsideDown UIInterfaceOrientationLandscapeLeft UIInterfaceOrientationLandscapeRight";
				INFOPLIST_KEY_UISupportedInterfaceOrientations_iPhone = "UIInterfaceOrientationPortrait UIInterfaceOrientationLandscapeLeft UIInterfaceOrientationLandscapeRight";
				LD_RUNPATH_SEARCH_PATHS = (
					"$(inherited)",
					"@executable_path/Frameworks",
				);
				MARKETING_VERSION = 1.0;
				PRODUCT_BUNDLE_IDENTIFIER = ganeshrajugalla.SwiftConcurrency;
				PRODUCT_NAME = "$(TARGET_NAME)";
				SWIFT_EMIT_LOC_STRINGS = YES;
				SWIFT_VERSION = 5.0;
				TARGETED_DEVICE_FAMILY = "1,2";
			};
			name = Release;
		};
/* End XCBuildConfiguration section */

/* Begin XCConfigurationList section */
		1FC7D5E72A9B76AF00D52721 /* Build configuration list for PBXProject "SwiftConcurrency" */ = {
			isa = XCConfigurationList;
			buildConfigurations = (
				1FC7D5F82A9B76AF00D52721 /* Debug */,
				1FC7D5F92A9B76AF00D52721 /* Release */,
			);
			defaultConfigurationIsVisible = 0;
			defaultConfigurationName = Release;
		};
		1FC7D5FA2A9B76AF00D52721 /* Build configuration list for PBXNativeTarget "SwiftConcurrency" */ = {
			isa = XCConfigurationList;
			buildConfigurations = (
				1FC7D5FB2A9B76AF00D52721 /* Debug */,
				1FC7D5FC2A9B76AF00D52721 /* Release */,
			);
			defaultConfigurationIsVisible = 0;
			defaultConfigurationName = Release;
		};
/* End XCConfigurationList section */
	};
	rootObject = 1FC7D5E42A9B76AF00D52721 /* Project object */;
}
